{
  "nodes": {
    "fakessh-src": {
      "flake": false,
      "locked": {
        "lastModified": 1786095875,
        "narHash": "sha256-I4RwWhZqxoDJjPkFZyZ3DSeiFnI0XBdSuLTTRdiXK7E=",
        "owner": "hugefiver",
        "repo": "fakessh",
        "rev": "04caee36c3c654ef9912ac936de777b61eb4b860",
        "type": "github"
      },
      "original": {
        "owner": "hugefiver",
        "ref": "master",
        "repo": "fakessh",
        "type": "github"
      }
    },
    "flake-utils": {
      "inputs": {
        "systems": "systems"
      },
      "locked": {
        "lastModified": 1731533236,
        "narHash": "sha256-l0KFg5HjrsfsO/JpG+r7fRrqm12kzFHyUHqHCVpMMbI=",
        "owner": "numtide",
        "repo": "flake-utils",
        "rev": "11707dc2f618dd54ca8739b309ec4fc024de578b",
        "type": "github"
      },
      "original": {
        "owner": "numtide",
        "repo": "flake-utils",
        "type": "github"
      }
    },
    "nixpkgs": {
      "locked": {
        "lastModified": 1786237299,
        "narHash": "sha256-TdOIVJTuJ2eGUbjgXWe0X3Kbp6rR98V/2uRVAtKTHqs=",
        "owner": "NixOS",
        "repo": "nixpkgs",
        "rev": "60c768b1d7043edb84f25e2880ab2bd8327f6cfa",
        "type": "github"
      },
      "original": {
        "owner": "NixOS",
        "ref": "nixos-unstable-small",
        "repo": "nixpkgs",
        "type": "github"
      }
    },
    "root": {
      "inputs": {
        "fakessh-src": "fakessh-src",
        "flake-utils": "flake-utils",
        "nixpkgs": "nixpkgs"
      }
    },
    "systems": {
      "locked": {
        "lastModified": 1681028828,
        "narHash": "sha256-Vy1rq5AaRuLzOxct8nz4T6wlgyUR7zLU309k9mBC768=",
        "owner": "nix-systems",
        "repo": "default",
        "rev": "da67096a3b9bf56a91d16901293e51ba5b49a27e",
        "type": "github"
      },
      "original": {
        "owner": "nix-systems",
        "repo": "default",
        "type": "github"
      }
    }
  },
  "root": "root",
  "version": 7
}
