{
  "nodes": {
    "fakessh-src": {
      "flake": false,
      "locked": {
        "lastModified": 1775761076,
        "narHash": "sha256-kNbcbIfjqolbONrCbkkSS5pycWBQ/dtn537TJXboinY=",
        "owner": "hugefiver",
        "repo": "fakessh",
        "rev": "ef40c50b6d44f9b0be165dc1bf8be8c64bdcd943",
        "type": "github"
      },
      "original": {
        "owner": "hugefiver",
        "ref": "master",
        "repo": "fakessh",
        "type": "github"
      }
    },
    "flake-utils": {
      "inputs": {
        "systems": "systems"
      },
      "locked": {
        "lastModified": 1731533236,
        "narHash": "sha256-l0KFg5HjrsfsO/JpG+r7fRrqm12kzFHyUHqHCVpMMbI=",
        "owner": "numtide",
        "repo": "flake-utils",
        "rev": "11707dc2f618dd54ca8739b309ec4fc024de578b",
        "type": "github"
      },
      "original": {
        "owner": "numtide",
        "repo": "flake-utils",
        "type": "github"
      }
    },
    "nixpkgs": {
      "locked": {
        "lastModified": 1777238095,
        "narHash": "sha256-wyaAOqFhxYmtTb/Gb/+hegVJ3MnwOJjX9aqsQT3+R38=",
        "owner": "NixOS",
        "repo": "nixpkgs",
        "rev": "c4073437f5ffeaeee270c37a2eddf370658d1332",
        "type": "github"
      },
      "original": {
        "owner": "NixOS",
        "ref": "nixos-unstable-small",
        "repo": "nixpkgs",
        "type": "github"
      }
    },
    "root": {
      "inputs": {
        "fakessh-src": "fakessh-src",
        "flake-utils": "flake-utils",
        "nixpkgs": "nixpkgs"
      }
    },
    "systems": {
      "locked": {
        "lastModified": 1681028828,
        "narHash": "sha256-Vy1rq5AaRuLzOxct8nz4T6wlgyUR7zLU309k9mBC768=",
        "owner": "nix-systems",
        "repo": "default",
        "rev": "da67096a3b9bf56a91d16901293e51ba5b49a27e",
        "type": "github"
      },
      "original": {
        "owner": "nix-systems",
        "repo": "default",
        "type": "github"
      }
    }
  },
  "root": "root",
  "version": 7
}
