{
  "nodes": {
    "fakessh-src": {
      "flake": false,
      "locked": {
        "lastModified": 1772529160,
        "narHash": "sha256-gDaS9zRYcrAcBCuBCNZEq8ZQVuXtAsEbufx5ihpRJ/c=",
        "owner": "hugefiver",
        "repo": "fakessh",
        "rev": "cb2a1db2748572adcf46adfe2a1873c45c522b5d",
        "type": "github"
      },
      "original": {
        "owner": "hugefiver",
        "ref": "master",
        "repo": "fakessh",
        "type": "github"
      }
    },
    "flake-utils": {
      "inputs": {
        "systems": "systems"
      },
      "locked": {
        "lastModified": 1731533236,
        "narHash": "sha256-l0KFg5HjrsfsO/JpG+r7fRrqm12kzFHyUHqHCVpMMbI=",
        "owner": "numtide",
        "repo": "flake-utils",
        "rev": "11707dc2f618dd54ca8739b309ec4fc024de578b",
        "type": "github"
      },
      "original": {
        "owner": "numtide",
        "repo": "flake-utils",
        "type": "github"
      }
    },
    "nixpkgs": {
      "locked": {
        "lastModified": 1772489420,
        "narHash": "sha256-5S6dLX9aLYhoGJYriyeQzNAfW40atqWCWfDBdMCJxmQ=",
        "owner": "NixOS",
        "repo": "nixpkgs",
        "rev": "a655125ecdf797c9c3783c48b235b88ff160344f",
        "type": "github"
      },
      "original": {
        "owner": "NixOS",
        "ref": "nixos-unstable-small",
        "repo": "nixpkgs",
        "type": "github"
      }
    },
    "root": {
      "inputs": {
        "fakessh-src": "fakessh-src",
        "flake-utils": "flake-utils",
        "nixpkgs": "nixpkgs"
      }
    },
    "systems": {
      "locked": {
        "lastModified": 1681028828,
        "narHash": "sha256-Vy1rq5AaRuLzOxct8nz4T6wlgyUR7zLU309k9mBC768=",
        "owner": "nix-systems",
        "repo": "default",
        "rev": "da67096a3b9bf56a91d16901293e51ba5b49a27e",
        "type": "github"
      },
      "original": {
        "owner": "nix-systems",
        "repo": "default",
        "type": "github"
      }
    }
  },
  "root": "root",
  "version": 7
}
